// !$*UTF8*$!
{
	archiveVersion = 1;
	classes = {
	};
	objectVersion = 48;
	objects = {

/* Begin PBXBuildFile section */
		4948035A206B2EAA00B73AB6 /* AppDelegate.swift in Sources */ = {isa = PBXBuildFile; fileRef = 49480359206B2EAA00B73AB6 /* AppDelegate.swift */; };
		4948035C206B2EAA00B73AB6 /* ViewController.swift in Sources */ = {isa = PBXBuildFile; fileRef = 4948035B206B2EAA00B73AB6 /* ViewController.swift */; };
		4948035F206B2EAA00B73AB6 /* Main.storyboard in Resources */ = {isa = PBXBuildFile; fileRef = 4948035D206B2EAA00B73AB6 /* Main.storyboard */; };
		49480361206B2EAA00B73AB6 /* Assets.xcassets in Resources */ = {isa = PBXBuildFile; fileRef = 49480360206B2EAA00B73AB6 /* Assets.xcassets */; };
		49480364206B2EAA00B73AB6 /* LaunchScreen.storyboard in Resources */ = {isa = PBXBuildFile; fileRef = 49480362206B2EAA00B73AB6 /* LaunchScreen.storyboard */; };
		4948036F206B2EAB00B73AB6 /* FWCycleScrollViewTests.swift in Sources */ = {isa = PBXBuildFile; fileRef = 4948036E206B2EAB00B73AB6 /* FWCycleScrollViewTests.swift */; };
		4948037A206B2EAB00B73AB6 /* FWCycleScrollViewUITests.swift in Sources */ = {isa = PBXBuildFile; fileRef = 49480379206B2EAB00B73AB6 /* FWCycleScrollViewUITests.swift */; };
		49480389206B2F2C00B73AB6 /* FWCycleScrollView.swift in Sources */ = {isa = PBXBuildFile; fileRef = 49480388206B2F2C00B73AB6 /* FWCycleScrollView.swift */; };
		4948038B206B40F600B73AB6 /* FWUIImageViewCell.swift in Sources */ = {isa = PBXBuildFile; fileRef = 4948038A206B40F600B73AB6 /* FWUIImageViewCell.swift */; };
		4948038D206B410400B73AB6 /* FWUIviewCell.swift in Sources */ = {isa = PBXBuildFile; fileRef = 4948038C206B410400B73AB6 /* FWUIviewCell.swift */; };
		49646DC4206DC969002D2911 /* FWCustomDotView.swift in Sources */ = {isa = PBXBuildFile; fileRef = 49646DC3206DC969002D2911 /* FWCustomDotView.swift */; };
		AE5AEA38A87F6786D757C248 /* Pods_FWCycleScrollView.framework in Frameworks */ = {isa = PBXBuildFile; fileRef = 28F06571749997F832238A83 /* Pods_FWCycleScrollView.framework */; };
		AF3AE499206BBA5A009CFA85 /* FWPageControl.swift in Sources */ = {isa = PBXBuildFile; fileRef = AF3AE498206BBA5A009CFA85 /* FWPageControl.swift */; };
/* End PBXBuildFile section */

/* Begin PBXContainerItemProxy section */
		4948036B206B2EAB00B73AB6 /* PBXContainerItemProxy */ = {
			isa = PBXContainerItemProxy;
			containerPortal = 4948034E206B2EAA00B73AB6 /* Project object */;
			proxyType = 1;
			remoteGlobalIDString = 49480355206B2EAA00B73AB6;
			remoteInfo = FWCycleScrollView;
		};
		49480376206B2EAB00B73AB6 /* PBXContainerItemProxy */ = {
			isa = PBXContainerItemProxy;
			containerPortal = 4948034E206B2EAA00B73AB6 /* Project object */;
			proxyType = 1;
			remoteGlobalIDString = 49480355206B2EAA00B73AB6;
			remoteInfo = FWCycleScrollView;
		};
/* End PBXContainerItemProxy section */

/* Begin PBXFileReference section */
		28F06571749997F832238A83 /* Pods_FWCycleScrollView.framework */ = {isa = PBXFileReference; explicitFileType = wrapper.framework; includeInIndex = 0; path = Pods_FWCycleScrollView.framework; sourceTree = BUILT_PRODUCTS_DIR; };
		351AF667AE950B06CDF5D997 /* Pods_FWCycleScrollViewTests.framework */ = {isa = PBXFileReference; explicitFileType = wrapper.framework; includeInIndex = 0; path = Pods_FWCycleScrollViewTests.framework; sourceTree = BUILT_PRODUCTS_DIR; };
		49480356206B2EAA00B73AB6 /* FWCycleScrollView.app */ = {isa = PBXFileReference; explicitFileType = wrapper.application; includeInIndex = 0; path = FWCycleScrollView.app; sourceTree = BUILT_PRODUCTS_DIR; };
		49480359206B2EAA00B73AB6 /* AppDelegate.swift */ = {isa = PBXFileReference; lastKnownFileType = sourcecode.swift; path = AppDelegate.swift; sourceTree = "<group>"; };
		4948035B206B2EAA00B73AB6 /* ViewController.swift */ = {isa = PBXFileReference; lastKnownFileType = sourcecode.swift; path = ViewController.swift; sourceTree = "<group>"; };
		4948035E206B2EAA00B73AB6 /* Base */ = {isa = PBXFileReference; lastKnownFileType = file.storyboard; name = Base; path = Base.lproj/Main.storyboard; sourceTree = "<group>"; };
		49480360206B2EAA00B73AB6 /* Assets.xcassets */ = {isa = PBXFileReference; lastKnownFileType = folder.assetcatalog; path = Assets.xcassets; sourceTree = "<group>"; };
		49480363206B2EAA00B73AB6 /* Base */ = {isa = PBXFileReference; lastKnownFileType = file.storyboard; name = Base; path = Base.lproj/LaunchScreen.storyboard; sourceTree = "<group>"; };
		49480365206B2EAA00B73AB6 /* Info.plist */ = {isa = PBXFileReference; lastKnownFileType = text.plist.xml; path = Info.plist; sourceTree = "<group>"; };
		4948036A206B2EAB00B73AB6 /* FWCycleScrollViewTests.xctest */ = {isa = PBXFileReference; explicitFileType = wrapper.cfbundle; includeInIndex = 0; path = FWCycleScrollViewTests.xctest; sourceTree = BUILT_PRODUCTS_DIR; };
		4948036E206B2EAB00B73AB6 /* FWCycleScrollViewTests.swift */ = {isa = PBXFileReference; lastKnownFileType = sourcecode.swift; path = FWCycleScrollViewTests.swift; sourceTree = "<group>"; };
		49480370206B2EAB00B73AB6 /* Info.plist */ = {isa = PBXFileReference; lastKnownFileType = text.plist.xml; path = Info.plist; sourceTree = "<group>"; };
		49480375206B2EAB00B73AB6 /* FWCycleScrollViewUITests.xctest */ = {isa = PBXFileReference; explicitFileType = wrapper.cfbundle; includeInIndex = 0; path = FWCycleScrollViewUITests.xctest; sourceTree = BUILT_PRODUCTS_DIR; };
		49480379206B2EAB00B73AB6 /* FWCycleScrollViewUITests.swift */ = {isa = PBXFileReference; lastKnownFileType = sourcecode.swift; path = FWCycleScrollViewUITests.swift; sourceTree = "<group>"; };
		4948037B206B2EAB00B73AB6 /* Info.plist */ = {isa = PBXFileReference; lastKnownFileType = text.plist.xml; path = Info.plist; sourceTree = "<group>"; };
		49480388206B2F2C00B73AB6 /* FWCycleScrollView.swift */ = {isa = PBXFileReference; lastKnownFileType = sourcecode.swift; path = FWCycleScrollView.swift; sourceTree = "<group>"; };
		4948038A206B40F600B73AB6 /* FWUIImageViewCell.swift */ = {isa = PBXFileReference; lastKnownFileType = sourcecode.swift; path = FWUIImageViewCell.swift; sourceTree = "<group>"; };
		4948038C206B410400B73AB6 /* FWUIviewCell.swift */ = {isa = PBXFileReference; lastKnownFileType = sourcecode.swift; path = FWUIviewCell.swift; sourceTree = "<group>"; };
		49646DC3206DC969002D2911 /* FWCustomDotView.swift */ = {isa = PBXFileReference; lastKnownFileType = sourcecode.swift; path = FWCustomDotView.swift; sourceTree = "<group>"; };
		6E525E8A74CD74EAD701E57D /* Pods_FWCycleScrollViewUITests.framework */ = {isa = PBXFileReference; explicitFileType = wrapper.framework; includeInIndex = 0; path = Pods_FWCycleScrollViewUITests.framework; sourceTree = BUILT_PRODUCTS_DIR; };
		7879C6446B21D851A262AAA7 /* Pods-FWCycleScrollView.debug.xcconfig */ = {isa = PBXFileReference; includeInIndex = 1; lastKnownFileType = text.xcconfig; name = "Pods-FWCycleScrollView.debug.xcconfig"; path = "Pods/Target Support Files/Pods-FWCycleScrollView/Pods-FWCycleScrollView.debug.xcconfig"; sourceTree = "<group>"; };
		98004EA36D5C7989704990A3 /* Pods-FWCycleScrollView.release.xcconfig */ = {isa = PBXFileReference; includeInIndex = 1; lastKnownFileType = text.xcconfig; name = "Pods-FWCycleScrollView.release.xcconfig"; path = "Pods/Target Support Files/Pods-FWCycleScrollView/Pods-FWCycleScrollView.release.xcconfig"; sourceTree = "<group>"; };
		AF3AE498206BBA5A009CFA85 /* FWPageControl.swift */ = {isa = PBXFileReference; lastKnownFileType = sourcecode.swift; path = FWPageControl.swift; sourceTree = "<group>"; };
/* End PBXFileReference section */

/* Begin PBXFrameworksBuildPhase section */
		49480353206B2EAA00B73AB6 /* Frameworks */ = {
			isa = PBXFrameworksBuildPhase;
			buildActionMask = 2147483647;
			files = (
				AE5AEA38A87F6786D757C248 /* Pods_FWCycleScrollView.framework in Frameworks */,
			);
			runOnlyForDeploymentPostprocessing = 0;
		};
		49480367206B2EAB00B73AB6 /* Frameworks */ = {
			isa = PBXFrameworksBuildPhase;
			buildActionMask = 2147483647;
			files = (
			);
			runOnlyForDeploymentPostprocessing = 0;
		};
		49480372206B2EAB00B73AB6 /* Frameworks */ = {
			isa = PBXFrameworksBuildPhase;
			buildActionMask = 2147483647;
			files = (
			);
			runOnlyForDeploymentPostprocessing = 0;
		};
/* End PBXFrameworksBuildPhase section */

/* Begin PBXGroup section */
		1679A5F096AF4215CFC74C8C /* Pods */ = {
			isa = PBXGroup;
			children = (
				7879C6446B21D851A262AAA7 /* Pods-FWCycleScrollView.debug.xcconfig */,
				98004EA36D5C7989704990A3 /* Pods-FWCycleScrollView.release.xcconfig */,
			);
			name = Pods;
			sourceTree = "<group>";
		};
		4948034D206B2EAA00B73AB6 = {
			isa = PBXGroup;
			children = (
				49480358206B2EAA00B73AB6 /* FWCycleScrollView */,
				4948036D206B2EAB00B73AB6 /* FWCycleScrollViewTests */,
				49480378206B2EAB00B73AB6 /* FWCycleScrollViewUITests */,
				49480357206B2EAA00B73AB6 /* Products */,
				1679A5F096AF4215CFC74C8C /* Pods */,
				F781C0226E523024BB93E1B2 /* Frameworks */,
			);
			sourceTree = "<group>";
		};
		49480357206B2EAA00B73AB6 /* Products */ = {
			isa = PBXGroup;
			children = (
				49480356206B2EAA00B73AB6 /* FWCycleScrollView.app */,
				4948036A206B2EAB00B73AB6 /* FWCycleScrollViewTests.xctest */,
				49480375206B2EAB00B73AB6 /* FWCycleScrollViewUITests.xctest */,
			);
			name = Products;
			sourceTree = "<group>";
		};
		49480358206B2EAA00B73AB6 /* FWCycleScrollView */ = {
			isa = PBXGroup;
			children = (
				49480387206B2EDA00B73AB6 /* FWCycleScrollView */,
				49480359206B2EAA00B73AB6 /* AppDelegate.swift */,
				4948035B206B2EAA00B73AB6 /* ViewController.swift */,
				4948035D206B2EAA00B73AB6 /* Main.storyboard */,
				49480360206B2EAA00B73AB6 /* Assets.xcassets */,
				49480362206B2EAA00B73AB6 /* LaunchScreen.storyboard */,
				49480365206B2EAA00B73AB6 /* Info.plist */,
			);
			path = FWCycleScrollView;
			sourceTree = "<group>";
		};
		4948036D206B2EAB00B73AB6 /* FWCycleScrollViewTests */ = {
			isa = PBXGroup;
			children = (
				4948036E206B2EAB00B73AB6 /* FWCycleScrollViewTests.swift */,
				49480370206B2EAB00B73AB6 /* Info.plist */,
			);
			path = FWCycleScrollViewTests;
			sourceTree = "<group>";
		};
		49480378206B2EAB00B73AB6 /* FWCycleScrollViewUITests */ = {
			isa = PBXGroup;
			children = (
				49480379206B2EAB00B73AB6 /* FWCycleScrollViewUITests.swift */,
				4948037B206B2EAB00B73AB6 /* Info.plist */,
			);
			path = FWCycleScrollViewUITests;
			sourceTree = "<group>";
		};
		49480387206B2EDA00B73AB6 /* FWCycleScrollView */ = {
			isa = PBXGroup;
			children = (
				49480388206B2F2C00B73AB6 /* FWCycleScrollView.swift */,
				4948038A206B40F600B73AB6 /* FWUIImageViewCell.swift */,
				4948038C206B410400B73AB6 /* FWUIviewCell.swift */,
				AF3AE498206BBA5A009CFA85 /* FWPageControl.swift */,
				49646DC3206DC969002D2911 /* FWCustomDotView.swift */,
			);
			path = FWCycleScrollView;
			sourceTree = "<group>";
		};
		F781C0226E523024BB93E1B2 /* Frameworks */ = {
			isa = PBXGroup;
			children = (
				28F06571749997F832238A83 /* Pods_FWCycleScrollView.framework */,
				351AF667AE950B06CDF5D997 /* Pods_FWCycleScrollViewTests.framework */,
				6E525E8A74CD74EAD701E57D /* Pods_FWCycleScrollViewUITests.framework */,
			);
			name = Frameworks;
			sourceTree = "<group>";
		};
/* End PBXGroup section */

/* Begin PBXNativeTarget section */
		49480355206B2EAA00B73AB6 /* FWCycleScrollView */ = {
			isa = PBXNativeTarget;
			buildConfigurationList = 4948037E206B2EAB00B73AB6 /* Build configuration list for PBXNativeTarget "FWCycleScrollView" */;
			buildPhases = (
				2CC79AA015A86C4914FADB36 /* [CP] Check Pods Manifest.lock */,
				49480352206B2EAA00B73AB6 /* Sources */,
				49480353206B2EAA00B73AB6 /* Frameworks */,
				49480354206B2EAA00B73AB6 /* Resources */,
				061D8C4878DE59439F81FDDC /* [CP] Embed Pods Frameworks */,
				38E3B5EA9CEBC13FD122DDBC /* [CP] Copy Pods Resources */,
			);
			buildRules = (
			);
			dependencies = (
			);
			name = FWCycleScrollView;
			productName = FWCycleScrollView;
			productReference = 49480356206B2EAA00B73AB6 /* FWCycleScrollView.app */;
			productType = "com.apple.product-type.application";
		};
		49480369206B2EAB00B73AB6 /* FWCycleScrollViewTests */ = {
			isa = PBXNativeTarget;
			buildConfigurationList = 49480381206B2EAB00B73AB6 /* Build configuration list for PBXNativeTarget "FWCycleScrollViewTests" */;
			buildPhases = (
				49480366206B2EAB00B73AB6 /* Sources */,
				49480367206B2EAB00B73AB6 /* Frameworks */,
				49480368206B2EAB00B73AB6 /* Resources */,
			);
			buildRules = (
			);
			dependencies = (
				4948036C206B2EAB00B73AB6 /* PBXTargetDependency */,
			);
			name = FWCycleScrollViewTests;
			productName = FWCycleScrollViewTests;
			productReference = 4948036A206B2EAB00B73AB6 /* FWCycleScrollViewTests.xctest */;
			productType = "com.apple.product-type.bundle.unit-test";
		};
		49480374206B2EAB00B73AB6 /* FWCycleScrollViewUITests */ = {
			isa = PBXNativeTarget;
			buildConfigurationList = 49480384206B2EAB00B73AB6 /* Build configuration list for PBXNativeTarget "FWCycleScrollViewUITests" */;
			buildPhases = (
				49480371206B2EAB00B73AB6 /* Sources */,
				49480372206B2EAB00B73AB6 /* Frameworks */,
				49480373206B2EAB00B73AB6 /* Resources */,
			);
			buildRules = (
			);
			dependencies = (
				49480377206B2EAB00B73AB6 /* PBXTargetDependency */,
			);
			name = FWCycleScrollViewUITests;
			productName = FWCycleScrollViewUITests;
			productReference = 49480375206B2EAB00B73AB6 /* FWCycleScrollViewUITests.xctest */;
			productType = "com.apple.product-type.bundle.ui-testing";
		};
/* End PBXNativeTarget section */

/* Begin PBXProject section */
		4948034E206B2EAA00B73AB6 /* Project object */ = {
			isa = PBXProject;
			attributes = {
				LastSwiftUpdateCheck = 0910;
				LastUpgradeCheck = 0910;
				ORGANIZATIONNAME = xfg;
				TargetAttributes = {
					49480355206B2EAA00B73AB6 = {
						CreatedOnToolsVersion = 9.1;
						ProvisioningStyle = Automatic;
					};
					49480369206B2EAB00B73AB6 = {
						CreatedOnToolsVersion = 9.1;
						ProvisioningStyle = Automatic;
						TestTargetID = 49480355206B2EAA00B73AB6;
					};
					49480374206B2EAB00B73AB6 = {
						CreatedOnToolsVersion = 9.1;
						ProvisioningStyle = Automatic;
						TestTargetID = 49480355206B2EAA00B73AB6;
					};
				};
			};
			buildConfigurationList = 49480351206B2EAA00B73AB6 /* Build configuration list for PBXProject "FWCycleScrollView" */;
			compatibilityVersion = "Xcode 8.0";
			developmentRegion = en;
			hasScannedForEncodings = 0;
			knownRegions = (
				en,
				Base,
			);
			mainGroup = 4948034D206B2EAA00B73AB6;
			productRefGroup = 49480357206B2EAA00B73AB6 /* Products */;
			projectDirPath = "";
			projectRoot = "";
			targets = (
				49480355206B2EAA00B73AB6 /* FWCycleScrollView */,
				49480369206B2EAB00B73AB6 /* FWCycleScrollViewTests */,
				49480374206B2EAB00B73AB6 /* FWCycleScrollViewUITests */,
			);
		};
/* End PBXProject section */

/* Begin PBXResourcesBuildPhase section */
		49480354206B2EAA00B73AB6 /* Resources */ = {
			isa = PBXResourcesBuildPhase;
			buildActionMask = 2147483647;
			files = (
				49480364206B2EAA00B73AB6 /* LaunchScreen.storyboard in Resources */,
				49480361206B2EAA00B73AB6 /* Assets.xcassets in Resources */,
				4948035F206B2EAA00B73AB6 /* Main.storyboard in Resources */,
			);
			runOnlyForDeploymentPostprocessing = 0;
		};
		49480368206B2EAB00B73AB6 /* Resources */ = {
			isa = PBXResourcesBuildPhase;
			buildActionMask = 2147483647;
			files = (
			);
			runOnlyForDeploymentPostprocessing = 0;
		};
		49480373206B2EAB00B73AB6 /* Resources */ = {
			isa = PBXResourcesBuildPhase;
			buildActionMask = 2147483647;
			files = (
			);
			runOnlyForDeploymentPostprocessing = 0;
		};
/* End PBXResourcesBuildPhase section */

/* Begin PBXShellScriptBuildPhase section */
		061D8C4878DE59439F81FDDC /* [CP] Embed Pods Frameworks */ = {
			isa = PBXShellScriptBuildPhase;
			buildActionMask = 2147483647;
			files = (
			);
			inputPaths = (
				"${SRCROOT}/Pods/Target Support Files/Pods-FWCycleScrollView/Pods-FWCycleScrollView-frameworks.sh",
				"${BUILT_PRODUCTS_DIR}/Kingfisher/Kingfisher.framework",
			);
			name = "[CP] Embed Pods Frameworks";
			outputPaths = (
				"${TARGET_BUILD_DIR}/${FRAMEWORKS_FOLDER_PATH}/Kingfisher.framework",
			);
			runOnlyForDeploymentPostprocessing = 0;
			shellPath = /bin/sh;
			shellScript = "\"${SRCROOT}/Pods/Target Support Files/Pods-FWCycleScrollView/Pods-FWCycleScrollView-frameworks.sh\"\n";
			showEnvVarsInLog = 0;
		};
		2CC79AA015A86C4914FADB36 /* [CP] Check Pods Manifest.lock */ = {
			isa = PBXShellScriptBuildPhase;
			buildActionMask = 2147483647;
			files = (
			);
			inputPaths = (
				"${PODS_PODFILE_DIR_PATH}/Podfile.lock",
				"${PODS_ROOT}/Manifest.lock",
			);
			name = "[CP] Check Pods Manifest.lock";
			outputPaths = (
				"$(DERIVED_FILE_DIR)/Pods-FWCycleScrollView-checkManifestLockResult.txt",
			);
			runOnlyForDeploymentPostprocessing = 0;
			shellPath = /bin/sh;
			shellScript = "diff \"${PODS_PODFILE_DIR_PATH}/Podfile.lock\" \"${PODS_ROOT}/Manifest.lock\" > /dev/null\nif [ $? != 0 ] ; then\n    # print error to STDERR\n    echo \"error: The sandbox is not in sync with the Podfile.lock. Run 'pod install' or update your CocoaPods installation.\" >&2\n    exit 1\nfi\n# This output is used by Xcode 'outputs' to avoid re-running this script phase.\necho \"SUCCESS\" > \"${SCRIPT_OUTPUT_FILE_0}\"\n";
			showEnvVarsInLog = 0;
		};
		38E3B5EA9CEBC13FD122DDBC /* [CP] Copy Pods Resources */ = {
			isa = PBXShellScriptBuildPhase;
			buildActionMask = 2147483647;
			files = (
			);
			inputPaths = (
			);
			name = "[CP] Copy Pods Resources";
			outputPaths = (
			);
			runOnlyForDeploymentPostprocessing = 0;
			shellPath = /bin/sh;
			shellScript = "\"${SRCROOT}/Pods/Target Support Files/Pods-FWCycleScrollView/Pods-FWCycleScrollView-resources.sh\"\n";
			showEnvVarsInLog = 0;
		};
/* End PBXShellScriptBuildPhase section */

/* Begin PBXSourcesBuildPhase section */
		49480352206B2EAA00B73AB6 /* Sources */ = {
			isa = PBXSourcesBuildPhase;
			buildActionMask = 2147483647;
			files = (
				4948035C206B2EAA00B73AB6 /* ViewController.swift in Sources */,
				49480389206B2F2C00B73AB6 /* FWCycleScrollView.swift in Sources */,
				4948038D206B410400B73AB6 /* FWUIviewCell.swift in Sources */,
				49646DC4206DC969002D2911 /* FWCustomDotView.swift in Sources */,
				4948035A206B2EAA00B73AB6 /* AppDelegate.swift in Sources */,
				4948038B206B40F600B73AB6 /* FWUIImageViewCell.swift in Sources */,
				AF3AE499206BBA5A009CFA85 /* FWPageControl.swift in Sources */,
			);
			runOnlyForDeploymentPostprocessing = 0;
		};
		49480366206B2EAB00B73AB6 /* Sources */ = {
			isa = PBXSourcesBuildPhase;
			buildActionMask = 2147483647;
			files = (
				4948036F206B2EAB00B73AB6 /* FWCycleScrollViewTests.swift in Sources */,
			);
			runOnlyForDeploymentPostprocessing = 0;
		};
		49480371206B2EAB00B73AB6 /* Sources */ = {
			isa = PBXSourcesBuildPhase;
			buildActionMask = 2147483647;
			files = (
				4948037A206B2EAB00B73AB6 /* FWCycleScrollViewUITests.swift in Sources */,
			);
			runOnlyForDeploymentPostprocessing = 0;
		};
/* End PBXSourcesBuildPhase section */

/* Begin PBXTargetDependency section */
		4948036C206B2EAB00B73AB6 /* PBXTargetDependency */ = {
			isa = PBXTargetDependency;
			target = 49480355206B2EAA00B73AB6 /* FWCycleScrollView */;
			targetProxy = 4948036B206B2EAB00B73AB6 /* PBXContainerItemProxy */;
		};
		49480377206B2EAB00B73AB6 /* PBXTargetDependency */ = {
			isa = PBXTargetDependency;
			target = 49480355206B2EAA00B73AB6 /* FWCycleScrollView */;
			targetProxy = 49480376206B2EAB00B73AB6 /* PBXContainerItemProxy */;
		};
/* End PBXTargetDependency section */

/* Begin PBXVariantGroup section */
		4948035D206B2EAA00B73AB6 /* Main.storyboard */ = {
			isa = PBXVariantGroup;
			children = (
				4948035E206B2EAA00B73AB6 /* Base */,
			);
			name = Main.storyboard;
			sourceTree = "<group>";
		};
		49480362206B2EAA00B73AB6 /* LaunchScreen.storyboard */ = {
			isa = PBXVariantGroup;
			children = (
				49480363206B2EAA00B73AB6 /* Base */,
			);
			name = LaunchScreen.storyboard;
			sourceTree = "<group>";
		};
/* End PBXVariantGroup section */

/* Begin XCBuildConfiguration section */
		4948037C206B2EAB00B73AB6 /* Debug */ = {
			isa = XCBuildConfiguration;
			buildSettings = {
				ALWAYS_SEARCH_USER_PATHS = NO;
				CLANG_ANALYZER_NONNULL = YES;
				CLANG_ANALYZER_NUMBER_OBJECT_CONVERSION = YES_AGGRESSIVE;
				CLANG_CXX_LANGUAGE_STANDARD = "gnu++14";
				CLANG_CXX_LIBRARY = "libc++";
				CLANG_ENABLE_MODULES = YES;
				CLANG_ENABLE_OBJC_ARC = YES;
				CLANG_WARN_BLOCK_CAPTURE_AUTORELEASING = YES;
				CLANG_WARN_BOOL_CONVERSION = YES;
				CLANG_WARN_COMMA = YES;
				CLANG_WARN_CONSTANT_CONVERSION = YES;
				CLANG_WARN_DIRECT_OBJC_ISA_USAGE = YES_ERROR;
				CLANG_WARN_DOCUMENTATION_COMMENTS = YES;
				CLANG_WARN_EMPTY_BODY = YES;
				CLANG_WARN_ENUM_CONVERSION = YES;
				CLANG_WARN_INFINITE_RECURSION = YES;
				CLANG_WARN_INT_CONVERSION = YES;
				CLANG_WARN_NON_LITERAL_NULL_CONVERSION = YES;
				CLANG_WARN_OBJC_LITERAL_CONVERSION = YES;
				CLANG_WARN_OBJC_ROOT_CLASS = YES_ERROR;
				CLANG_WARN_RANGE_LOOP_ANALYSIS = YES;
				CLANG_WARN_STRICT_PROTOTYPES = YES;
				CLANG_WARN_SUSPICIOUS_MOVE = YES;
				CLANG_WARN_UNGUARDED_AVAILABILITY = YES_AGGRESSIVE;
				CLANG_WARN_UNREACHABLE_CODE = YES;
				CLANG_WARN__DUPLICATE_METHOD_MATCH = YES;
				CODE_SIGN_IDENTITY = "iPhone Developer";
				COPY_PHASE_STRIP = NO;
				DEBUG_INFORMATION_FORMAT = dwarf;
				ENABLE_STRICT_OBJC_MSGSEND = YES;
				ENABLE_TESTABILITY = YES;
				GCC_C_LANGUAGE_STANDARD = gnu11;
				GCC_DYNAMIC_NO_PIC = NO;
				GCC_NO_COMMON_BLOCKS = YES;
				GCC_OPTIMIZATION_LEVEL = 0;
				GCC_PREPROCESSOR_DEFINITIONS = (
					"DEBUG=1",
					"$(inherited)",
				);
				GCC_WARN_64_TO_32_BIT_CONVERSION = YES;
				GCC_WARN_ABOUT_RETURN_TYPE = YES_ERROR;
				GCC_WARN_UNDECLARED_SELECTOR = YES;
				GCC_WARN_UNINITIALIZED_AUTOS = YES_AGGRESSIVE;
				GCC_WARN_UNUSED_FUNCTION = YES;
				GCC_WARN_UNUSED_VARIABLE = YES;
				IPHONEOS_DEPLOYMENT_TARGET = 11.1;
				MTL_ENABLE_DEBUG_INFO = YES;
				ONLY_ACTIVE_ARCH = YES;
				SDKROOT = iphoneos;
				SWIFT_ACTIVE_COMPILATION_CONDITIONS = DEBUG;
				SWIFT_OPTIMIZATION_LEVEL = "-Onone";
			};
			name = Debug;
		};
		4948037D206B2EAB00B73AB6 /* Release */ = {
			isa = XCBuildConfiguration;
			buildSettings = {
				ALWAYS_SEARCH_USER_PATHS = NO;
				CLANG_ANALYZER_NONNULL = YES;
				CLANG_ANALYZER_NUMBER_OBJECT_CONVERSION = YES_AGGRESSIVE;
				CLANG_CXX_LANGUAGE_STANDARD = "gnu++14";
				CLANG_CXX_LIBRARY = "libc++";
				CLANG_ENABLE_MODULES = YES;
				CLANG_ENABLE_OBJC_ARC = YES;
				CLANG_WARN_BLOCK_CAPTURE_AUTORELEASING = YES;
				CLANG_WARN_BOOL_CONVERSION = YES;
				CLANG_WARN_COMMA = YES;
				CLANG_WARN_CONSTANT_CONVERSION = YES;
				CLANG_WARN_DIRECT_OBJC_ISA_USAGE = YES_ERROR;
				CLANG_WARN_DOCUMENTATION_COMMENTS = YES;
				CLANG_WARN_EMPTY_BODY = YES;
				CLANG_WARN_ENUM_CONVERSION = YES;
				CLANG_WARN_INFINITE_RECURSION = YES;
				CLANG_WARN_INT_CONVERSION = YES;
				CLANG_WARN_NON_LITERAL_NULL_CONVERSION = YES;
				CLANG_WARN_OBJC_LITERAL_CONVERSION = YES;
				CLANG_WARN_OBJC_ROOT_CLASS = YES_ERROR;
				CLANG_WARN_RANGE_LOOP_ANALYSIS = YES;
				CLANG_WARN_STRICT_PROTOTYPES = YES;
				CLANG_WARN_SUSPICIOUS_MOVE = YES;
				CLANG_WARN_UNGUARDED_AVAILABILITY = YES_AGGRESSIVE;
				CLANG_WARN_UNREACHABLE_CODE = YES;
				CLANG_WARN__DUPLICATE_METHOD_MATCH = YES;
				CODE_SIGN_IDENTITY = "iPhone Developer";
				COPY_PHASE_STRIP = NO;
				DEBUG_INFORMATION_FORMAT = "dwarf-with-dsym";
				ENABLE_NS_ASSERTIONS = NO;
				ENABLE_STRICT_OBJC_MSGSEND = YES;
				GCC_C_LANGUAGE_STANDARD = gnu11;
				GCC_NO_COMMON_BLOCKS = YES;
				GCC_WARN_64_TO_32_BIT_CONVERSION = YES;
				GCC_WARN_ABOUT_RETURN_TYPE = YES_ERROR;
				GCC_WARN_UNDECLARED_SELECTOR = YES;
				GCC_WARN_UNINITIALIZED_AUTOS = YES_AGGRESSIVE;
				GCC_WARN_UNUSED_FUNCTION = YES;
				GCC_WARN_UNUSED_VARIABLE = YES;
				IPHONEOS_DEPLOYMENT_TARGET = 11.1;
				MTL_ENABLE_DEBUG_INFO = NO;
				SDKROOT = iphoneos;
				SWIFT_OPTIMIZATION_LEVEL = "-Owholemodule";
				VALIDATE_PRODUCT = YES;
			};
			name = Release;
		};
		4948037F206B2EAB00B73AB6 /* Debug */ = {
			isa = XCBuildConfiguration;
			baseConfigurationReference = 7879C6446B21D851A262AAA7 /* Pods-FWCycleScrollView.debug.xcconfig */;
			buildSettings = {
				ASSETCATALOG_COMPILER_APPICON_NAME = AppIcon;
				CODE_SIGN_STYLE = Automatic;
				DEVELOPMENT_TEAM = K4Y22J2KN7;
				INFOPLIST_FILE = FWCycleScrollView/Info.plist;
				LD_RUNPATH_SEARCH_PATHS = "$(inherited) @executable_path/Frameworks";
				PRODUCT_BUNDLE_IDENTIFIER = com.xfg.FWCycleScrollView;
				PRODUCT_NAME = "$(TARGET_NAME)";
				SWIFT_VERSION = 4.0;
				TARGETED_DEVICE_FAMILY = "1,2";
			};
			name = Debug;
		};
		49480380206B2EAB00B73AB6 /* Release */ = {
			isa = XCBuildConfiguration;
			baseConfigurationReference = 98004EA36D5C7989704990A3 /* Pods-FWCycleScrollView.release.xcconfig */;
			buildSettings = {
				ASSETCATALOG_COMPILER_APPICON_NAME = AppIcon;
				CODE_SIGN_STYLE = Automatic;
				DEVELOPMENT_TEAM = K4Y22J2KN7;
				INFOPLIST_FILE = FWCycleScrollView/Info.plist;
				LD_RUNPATH_SEARCH_PATHS = "$(inherited) @executable_path/Frameworks";
				PRODUCT_BUNDLE_IDENTIFIER = com.xfg.FWCycleScrollView;
				PRODUCT_NAME = "$(TARGET_NAME)";
				SWIFT_VERSION = 4.0;
				TARGETED_DEVICE_FAMILY = "1,2";
			};
			name = Release;
		};
		49480382206B2EAB00B73AB6 /* Debug */ = {
			isa = XCBuildConfiguration;
			buildSettings = {
				ALWAYS_EMBED_SWIFT_STANDARD_LIBRARIES = YES;
				BUNDLE_LOADER = "$(TEST_HOST)";
				CODE_SIGN_STYLE = Automatic;
				INFOPLIST_FILE = FWCycleScrollViewTests/Info.plist;
				LD_RUNPATH_SEARCH_PATHS = "$(inherited) @executable_path/Frameworks @loader_path/Frameworks";
				PRODUCT_BUNDLE_IDENTIFIER = com.xfg.FWCycleScrollViewTests;
				PRODUCT_NAME = "$(TARGET_NAME)";
				SWIFT_VERSION = 4.0;
				TARGETED_DEVICE_FAMILY = "1,2";
				TEST_HOST = "$(BUILT_PRODUCTS_DIR)/FWCycleScrollView.app/FWCycleScrollView";
			};
			name = Debug;
		};
		49480383206B2EAB00B73AB6 /* Release */ = {
			isa = XCBuildConfiguration;
			buildSettings = {
				ALWAYS_EMBED_SWIFT_STANDARD_LIBRARIES = YES;
				BUNDLE_LOADER = "$(TEST_HOST)";
				CODE_SIGN_STYLE = Automatic;
				INFOPLIST_FILE = FWCycleScrollViewTests/Info.plist;
				LD_RUNPATH_SEARCH_PATHS = "$(inherited) @executable_path/Frameworks @loader_path/Frameworks";
				PRODUCT_BUNDLE_IDENTIFIER = com.xfg.FWCycleScrollViewTests;
				PRODUCT_NAME = "$(TARGET_NAME)";
				SWIFT_VERSION = 4.0;
				TARGETED_DEVICE_FAMILY = "1,2";
				TEST_HOST = "$(BUILT_PRODUCTS_DIR)/FWCycleScrollView.app/FWCycleScrollView";
			};
			name = Release;
		};
		49480385206B2EAB00B73AB6 /* Debug */ = {
			isa = XCBuildConfiguration;
			buildSettings = {
				ALWAYS_EMBED_SWIFT_STANDARD_LIBRARIES = YES;
				CODE_SIGN_STYLE = Automatic;
				INFOPLIST_FILE = FWCycleScrollViewUITests/Info.plist;
				LD_RUNPATH_SEARCH_PATHS = "$(inherited) @executable_path/Frameworks @loader_path/Frameworks";
				PRODUCT_BUNDLE_IDENTIFIER = com.xfg.FWCycleScrollViewUITests;
				PRODUCT_NAME = "$(TARGET_NAME)";
				SWIFT_VERSION = 4.0;
				TARGETED_DEVICE_FAMILY = "1,2";
				TEST_TARGET_NAME = FWCycleScrollView;
			};
			name = Debug;
		};
		49480386206B2EAB00B73AB6 /* Release */ = {
			isa = XCBuildConfiguration;
			buildSettings = {
				ALWAYS_EMBED_SWIFT_STANDARD_LIBRARIES = YES;
				CODE_SIGN_STYLE = Automatic;
				INFOPLIST_FILE = FWCycleScrollViewUITests/Info.plist;
				LD_RUNPATH_SEARCH_PATHS = "$(inherited) @executable_path/Frameworks @loader_path/Frameworks";
				PRODUCT_BUNDLE_IDENTIFIER = com.xfg.FWCycleScrollViewUITests;
				PRODUCT_NAME = "$(TARGET_NAME)";
				SWIFT_VERSION = 4.0;
				TARGETED_DEVICE_FAMILY = "1,2";
				TEST_TARGET_NAME = FWCycleScrollView;
			};
			name = Release;
		};
/* End XCBuildConfiguration section */

/* Begin XCConfigurationList section */
		49480351206B2EAA00B73AB6 /* Build configuration list for PBXProject "FWCycleScrollView" */ = {
			isa = XCConfigurationList;
			buildConfigurations = (
				4948037C206B2EAB00B73AB6 /* Debug */,
				4948037D206B2EAB00B73AB6 /* Release */,
			);
			defaultConfigurationIsVisible = 0;
			defaultConfigurationName = Release;
		};
		4948037E206B2EAB00B73AB6 /* Build configuration list for PBXNativeTarget "FWCycleScrollView" */ = {
			isa = XCConfigurationList;
			buildConfigurations = (
				4948037F206B2EAB00B73AB6 /* Debug */,
				49480380206B2EAB00B73AB6 /* Release */,
			);
			defaultConfigurationIsVisible = 0;
			defaultConfigurationName = Release;
		};
		49480381206B2EAB00B73AB6 /* Build configuration list for PBXNativeTarget "FWCycleScrollViewTests" */ = {
			isa = XCConfigurationList;
			buildConfigurations = (
				49480382206B2EAB00B73AB6 /* Debug */,
				49480383206B2EAB00B73AB6 /* Release */,
			);
			defaultConfigurationIsVisible = 0;
			defaultConfigurationName = Release;
		};
		49480384206B2EAB00B73AB6 /* Build configuration list for PBXNativeTarget "FWCycleScrollViewUITests" */ = {
			isa = XCConfigurationList;
			buildConfigurations = (
				49480385206B2EAB00B73AB6 /* Debug */,
				49480386206B2EAB00B73AB6 /* Release */,
			);
			defaultConfigurationIsVisible = 0;
			defaultConfigurationName = Release;
		};
/* End XCConfigurationList section */
	};
	rootObject = 4948034E206B2EAA00B73AB6 /* Project object */;
}
