PODS:
  - FWCycleScrollView (2.0.3):
    - Kingfisher
  - Kingfisher (4.7.0)

DEPENDENCIES:
  - FWCycleScrollView

SPEC CHECKSUMS:
  FWCycleScrollView: 08783ac67b0bf0028edfc520fce6b0534928ea44
  Kingfisher: da6b005aa96d37698e3e4f1ccfe96a5b9bbf27d6

PODFILE CHECKSUM: f5677738bd723de450913a4a1c12c8a98ddbbc50

COCOAPODS: 1.4.0
